<?xml version="1.0" encoding="utf-8"?>
<Project ToolsVersion="4.0" xmlns="http://schemas.microsoft.com/developer/msbuild/2003">
  <ItemGroup>
    <Filter Include="Source Files">
      <UniqueIdentifier>{ec6000b3-a97d-4d5f-be70-3b9db5f74b3d}</UniqueIdentifier>
      <Extensions>*.c</Extensions>
    </Filter>
    <Filter Include="Header Files">
      <UniqueIdentifier>{09bee6f7-cec8-4c82-8d3c-7365b395c333}</UniqueIdentifier>
      <Extensions>*.h</Extensions>
    </Filter>
  </ItemGroup>
  <ItemGroup>
    <ClCompile Include="mod_ssl.c">
      <Filter>Source Files</Filter>
    </ClCompile>
    <ClCompile Include="ssl_engine_config.c">
      <Filter>Source Files</Filter>
    </ClCompile>
    <ClCompile Include="ssl_engine_dh.c">
      <Filter>Source Files</Filter>
    </ClCompile>
    <ClCompile Include="ssl_engine_init.c">
      <Filter>Source Files</Filter>
    </ClCompile>
    <ClCompile Include="ssl_engine_io.c">
      <Filter>Source Files</Filter>
    </ClCompile>
    <ClCompile Include="ssl_engine_kernel.c">
      <Filter>Source Files</Filter>
    </ClCompile>
    <ClCompile Include="ssl_engine_log.c">
      <Filter>Source Files</Filter>
    </ClCompile>
    <ClCompile Include="ssl_engine_mutex.c">
      <Filter>Source Files</Filter>
    </ClCompile>
    <ClCompile Include="ssl_engine_pphrase.c">
      <Filter>Source Files</Filter>
    </ClCompile>
    <ClCompile Include="ssl_engine_rand.c">
      <Filter>Source Files</Filter>
    </ClCompile>
    <ClCompile Include="ssl_engine_vars.c">
      <Filter>Source Files</Filter>
    </ClCompile>
    <ClCompile Include="ssl_engine_ocsp.c">
      <Filter>Source Files</Filter>
    </ClCompile>
    <ClCompile Include="ssl_util_ocsp.c">
      <Filter>Source Files</Filter>
    </ClCompile>
    <ClCompile Include="ssl_scache.c">
      <Filter>Source Files</Filter>
    </ClCompile>
    <ClCompile Include="ssl_util_stapling.c">
      <Filter>Source Files</Filter>
    </ClCompile>
    <ClCompile Include="ssl_util.c">
      <Filter>Source Files</Filter>
    </ClCompile>
    <ClCompile Include="ssl_util_ssl.c">
      <Filter>Source Files</Filter>
    </ClCompile>
  </ItemGroup>
  <ItemGroup>
    <ClInclude Include="mod_ssl.h">
      <Filter>Header Files</Filter>
    </ClInclude>
    <ClInclude Include="ssl_private.h">
      <Filter>Header Files</Filter>
    </ClInclude>
    <ClInclude Include="ssl_toolkit_compat.h">
      <Filter>Header Files</Filter>
    </ClInclude>
    <ClInclude Include="ssl_util_ssl.h">
      <Filter>Header Files</Filter>
    </ClInclude>
    <ClInclude Include="ssl_util_table.h">
      <Filter>Header Files</Filter>
    </ClInclude>
  </ItemGroup>
  <ItemGroup>
    <ResourceCompile Include="..\..\build\win32\httpd.rc" />
  </ItemGroup>
</Project>